
Microsoft Visual Studio Solution File, Format Version 12.00
#
# SPDX-License-Identifier: EUPL-1.2+
#
# Copyleft © 2024 Eliezer - mailto:eliezer@programmer.net?subject=PostalCodes_FI
# https://github.com/eliezer73/PostalCodes_FI
# Licensed under the EUPL: https://joinup.ec.europa.eu/licence/european-union-public-licence-version-12-or-later-eupl
#
# Visual Studio Version 17
VisualStudioVersion = 17.9.34616.47
MinimumVisualStudioVersion = 10.0.40219.1
Project("{9A19103F-16F7-4668-BE54-9A1E7A4F7556}") = "PostalCodes_FI", "PostalCodes_FI\PostalCodes_FI.csproj", "{493C03DF-2651-4DFB-A69A-CB6AAFE73984}"
EndProject
Global
	GlobalSection(SolutionConfigurationPlatforms) = preSolution
		Debug|Any CPU = Debug|Any CPU
		Release|Any CPU = Release|Any CPU
	EndGlobalSection
	GlobalSection(ProjectConfigurationPlatforms) = postSolution
		{493C03DF-2651-4DFB-A69A-CB6AAFE73984}.Debug|Any CPU.ActiveCfg = Debug|Any CPU
		{493C03DF-2651-4DFB-A69A-CB6AAFE73984}.Debug|Any CPU.Build.0 = Debug|Any CPU
		{493C03DF-2651-4DFB-A69A-CB6AAFE73984}.Release|Any CPU.ActiveCfg = Release|Any CPU
		{493C03DF-2651-4DFB-A69A-CB6AAFE73984}.Release|Any CPU.Build.0 = Release|Any CPU
	EndGlobalSection
	GlobalSection(SolutionProperties) = preSolution
		HideSolutionNode = FALSE
	EndGlobalSection
	GlobalSection(ExtensibilityGlobals) = postSolution
		SolutionGuid = {CBC28252-4504-47B0-97A9-EFA42E4DD838}
	EndGlobalSection
EndGlobal
